{
  "projects": [
    {
      "projectId": "58GpZjZCWTaJ8AUhpCwt2K",
      "version": "3.28.0",
      "dependencies": {},
      "lang": "js",
      "fileLocks": [
        {
          "assetId": "58GpZjZCWTaJ8AUhpCwt2K",
          "type": "projectCss",
          "checksum": "f0469e206244772473ab64f50be898f9"
        }
      ],
      "codegenVersion": "0.0.1"
    },
    {
      "projectId": "7nJ7UcFmq9UzB6eXfC5z4a",
      "version": "0.31.0",
      "dependencies": {},
      "lang": "js",
      "fileLocks": [
        {
          "assetId": "7nJ7UcFmq9UzB6eXfC5z4a",
          "type": "projectCss",
          "checksum": "01e8cee5b9ce00fbc93f494c2a40dbf1"
        }
      ],
      "codegenVersion": "0.0.1"
    },
    {
      "projectId": "eDVYtDS7wKx8TZW4GomoVY",
      "version": "latest",
      "dependencies": {
        "7nJ7UcFmq9UzB6eXfC5z4a": "0.31.0",
        "58GpZjZCWTaJ8AUhpCwt2K": "3.28.0"
      },
      "lang": "js",
      "fileLocks": [
        {
          "type": "globalVariant",
          "assetId": "qmANkBhC3sEs",
          "checksum": "3ab10a00077bb24493834a239415a75f"
        },
        {
          "assetId": "eDVYtDS7wKx8TZW4GomoVY",
          "type": "projectCss",
          "checksum": "b3065e25bc2be883ab20e84490b07841"
        },
        {
          "type": "renderModule",
          "assetId": "7dCMKc2Z4fjK",
          "checksum": "e601732fb2b241de82421d9fea13d77d"
        },
        {
          "type": "cssRules",
          "assetId": "7dCMKc2Z4fjK",
          "checksum": "e601732fb2b241de82421d9fea13d77d"
        },
        {
          "type": "renderModule",
          "assetId": "44caizNzeNqX",
          "checksum": "0bbfa478010f21594c280df743b1c017"
        },
        {
          "type": "cssRules",
          "assetId": "44caizNzeNqX",
          "checksum": "0bbfa478010f21594c280df743b1c017"
        },
        {
          "type": "renderModule",
          "assetId": "Jm8vp5JGnM1M",
          "checksum": "67d27df600d54f8d50bf2632702173b9"
        },
        {
          "type": "cssRules",
          "assetId": "Jm8vp5JGnM1M",
          "checksum": "67d27df600d54f8d50bf2632702173b9"
        },
        {
          "type": "renderModule",
          "assetId": "kaVFcaIW9nm3",
          "checksum": "0723b79b3f9392b7ffc49a51ac1f2ad5"
        },
        {
          "type": "cssRules",
          "assetId": "kaVFcaIW9nm3",
          "checksum": "0723b79b3f9392b7ffc49a51ac1f2ad5"
        },
        {
          "type": "renderModule",
          "assetId": "SEJTMiyYFEAR",
          "checksum": "5d29536c91a881e84e40196d3668da35"
        },
        {
          "type": "cssRules",
          "assetId": "SEJTMiyYFEAR",
          "checksum": "5d29536c91a881e84e40196d3668da35"
        },
        {
          "type": "renderModule",
          "assetId": "wPgc8HixQvQJ",
          "checksum": "3d16b0c4870bded6af86edb3e46decf9"
        },
        {
          "type": "cssRules",
          "assetId": "wPgc8HixQvQJ",
          "checksum": "3d16b0c4870bded6af86edb3e46decf9"
        },
        {
          "type": "renderModule",
          "assetId": "J01iZSaN92x1",
          "checksum": "8a1eeb210d722d347b9df9aa62b34535"
        },
        {
          "type": "cssRules",
          "assetId": "J01iZSaN92x1",
          "checksum": "8a1eeb210d722d347b9df9aa62b34535"
        },
        {
          "type": "renderModule",
          "assetId": "o-KpCQT4vVNB",
          "checksum": "f132498d77ecc0f128601180abbf9ded"
        },
        {
          "type": "cssRules",
          "assetId": "o-KpCQT4vVNB",
          "checksum": "f132498d77ecc0f128601180abbf9ded"
        },
        {
          "type": "renderModule",
          "assetId": "6CPnvJ9hi-E3",
          "checksum": "cf89f9811d1782cb8cf45dd4da751012"
        },
        {
          "type": "cssRules",
          "assetId": "6CPnvJ9hi-E3",
          "checksum": "cf89f9811d1782cb8cf45dd4da751012"
        },
        {
          "type": "renderModule",
          "assetId": "Ux1YzlxDFQnM",
          "checksum": "db3410b9e68c1538cb110b0f00273630"
        },
        {
          "type": "cssRules",
          "assetId": "Ux1YzlxDFQnM",
          "checksum": "db3410b9e68c1538cb110b0f00273630"
        },
        {
          "type": "icon",
          "assetId": "-6Zc9a3Hq2uS",
          "checksum": "7466c5de63814d1274ed4fe98722b0bb"
        },
        {
          "type": "icon",
          "assetId": "mDUqFDpP9Jfn",
          "checksum": "960dae48beca6f95193499f59f64a30c"
        },
        {
          "type": "icon",
          "assetId": "oZ0QNszw3gR8",
          "checksum": "dee74c7d1ed57520f04505be509aab46"
        },
        {
          "type": "icon",
          "assetId": "6HyFTuO2-rqR",
          "checksum": "368b98473bf62bd5e257cfacb1809238"
        },
        {
          "type": "icon",
          "assetId": "JBD4H3Ey05Vu",
          "checksum": "7370c8b898ac2d9b4f75b5031f751c80"
        },
        {
          "type": "icon",
          "assetId": "DpLPPPsv4x6j",
          "checksum": "7ebd1cb6003faa2b58c93266d872d613"
        },
        {
          "type": "icon",
          "assetId": "52avrV_AiRtZ",
          "checksum": "6d52cc9d84b9a68daf5285b1d2578919"
        },
        {
          "type": "icon",
          "assetId": "lQLruGGnjgVM",
          "checksum": "c3e98744f7a4ed2aea6f86e38e8eb0d0"
        },
        {
          "type": "icon",
          "assetId": "N5dKFhnfOrop",
          "checksum": "916117359ff9cc0fe11508f36da76850"
        },
        {
          "type": "icon",
          "assetId": "vbjuL_qOyAiA",
          "checksum": "65675a25b02879751d27bb26fde15334"
        },
        {
          "type": "image",
          "assetId": "uUDTbcwtSAGR",
          "checksum": "698007c050c51947996ff1d25c659d1c"
        },
        {
          "type": "image",
          "assetId": "zO3YVTR5myyN",
          "checksum": "8b025e6ef0f905a8f619840968c76934"
        },
        {
          "type": "image",
          "assetId": "Ap2VGB8m1SE3",
          "checksum": "a7545b9813f6cc7109c0488901b0d7ce"
        },
        {
          "type": "image",
          "assetId": "73xvMXFhmk5B",
          "checksum": "b7fdc0f1c3ced246e2111231c462371d"
        },
        {
          "type": "image",
          "assetId": "1FkiWDlWr7Qa",
          "checksum": "6af7dd0beb7efc578e0635a86650eb72"
        },
        {
          "type": "image",
          "assetId": "VXWrbhfmo5DI",
          "checksum": "7b8e3b40a92d9227d3219e700f877016"
        },
        {
          "type": "image",
          "assetId": "jkGOBroh5ojb",
          "checksum": "459a328ba58df06a4f0f794a816e88e0"
        },
        {
          "type": "image",
          "assetId": "SHL4oOw2Ij9t",
          "checksum": "c0f8e9be7e60790f0aac91ea8dd1e759"
        },
        {
          "type": "image",
          "assetId": "fesD7KR_CQ9Y",
          "checksum": "05d32f4c65fdc20ebbd159e238ad78bb"
        },
        {
          "type": "image",
          "assetId": "EGdbsCSkQw4V",
          "checksum": "e9b7e11a63c54cf31a2d1b7246de1d72"
        },
        {
          "type": "image",
          "assetId": "cgv--2wL7Yuj",
          "checksum": "8bddf2e9a20ea11362d0954109ac82c7"
        },
        {
          "type": "image",
          "assetId": "33TakRsCwkMD",
          "checksum": "55272a8f929da49d818db553c75fce88"
        },
        {
          "type": "image",
          "assetId": "27i3Dy5vPtM9",
          "checksum": "74622e8fd47fb276f397cf36bec32191"
        },
        {
          "type": "image",
          "assetId": "s2ivldEh34HB",
          "checksum": "341833e6d5c512c0ccc78be9aaf4fa74"
        },
        {
          "type": "image",
          "assetId": "JxiEB1ywPqxQ",
          "checksum": "191abe1a63562160836df544ea91f5b3"
        },
        {
          "type": "image",
          "assetId": "V3-4ny0Zo4je",
          "checksum": "963c74ff6c71b562821c5e048433565f"
        },
        {
          "type": "image",
          "assetId": "DmsDS2E6vSQn",
          "checksum": "5bd8a95212417223aa3ea885208c0eb1"
        },
        {
          "type": "image",
          "assetId": "HRGVtUT36SKi",
          "checksum": "1c626f7ac6002e5a400f10be0c8f479b"
        },
        {
          "type": "image",
          "assetId": "S7wNw-K9cshB",
          "checksum": "fe5af1ce8e8ee7e186556d9e6935c4ae"
        },
        {
          "type": "image",
          "assetId": "sSsVnpBNKYBH",
          "checksum": "0ccaa917aa76092aeae3be21642b3733"
        },
        {
          "type": "image",
          "assetId": "vx1BxVPMToAF",
          "checksum": "e67f67bfdae6a5d4321508f864872561"
        },
        {
          "type": "image",
          "assetId": "WgDrt-3Kzo2B",
          "checksum": "3b4520f41b44b7d510a089ca05009a3f"
        },
        {
          "type": "image",
          "assetId": "xSCxd-8C79yM",
          "checksum": "a6e213c8fcb8142dd58de4e9f7dcd5b1"
        },
        {
          "type": "image",
          "assetId": "k9s9DiKflCAk",
          "checksum": "2d851daba01d55554c76ddc5aebc9eb1"
        },
        {
          "type": "image",
          "assetId": "aQBsQHwqpAP5",
          "checksum": "06e986ead4be24957e75151b7d3958d6"
        },
        {
          "type": "image",
          "assetId": "tqMMynKKq75r",
          "checksum": "0baada4ca9d39b043c21cae06266ffac"
        },
        {
          "type": "image",
          "assetId": "KBcZUHLLXJDz",
          "checksum": "757d9ece43ed52aa5c584a355df8348c"
        },
        {
          "type": "image",
          "assetId": "NDy4s0NzJd7L",
          "checksum": "5bf5219800ba8e1f6568955851e4443c"
        },
        {
          "type": "image",
          "assetId": "u2LfP2mN6-P-",
          "checksum": "82b141d8c15f0ea0d6043e0107d0ea9c"
        },
        {
          "type": "image",
          "assetId": "fbql7ARolcjz",
          "checksum": "8d9e03e27e0aefb64b5a3e3490ea40ca"
        },
        {
          "type": "image",
          "assetId": "ENu-TQp23eCT",
          "checksum": "b92e92e17128f0c5eeb704101102dbd7"
        },
        {
          "type": "image",
          "assetId": "ckumBvI17UAR",
          "checksum": "4dc236fae4421572d75231250f29ac2a"
        },
        {
          "type": "image",
          "assetId": "S4ZFAX8OZ4va",
          "checksum": "e92cb9581655e47356c2569c8cf20096"
        },
        {
          "type": "image",
          "assetId": "U9XfQq_T5NzW",
          "checksum": "52716742995e1060742471179b48ac09"
        },
        {
          "type": "image",
          "assetId": "Njx3ilte2gC1",
          "checksum": "d333128bde3d4776f1641ae38fe3025c"
        },
        {
          "type": "image",
          "assetId": "7wBwouxNuZnu",
          "checksum": "6e8fe5df4bd386d11601442cb9f91396"
        },
        {
          "type": "image",
          "assetId": "70tq9LFlYAFP",
          "checksum": "5ee0ef1d19456a1c416aa29c863068cd"
        },
        {
          "type": "image",
          "assetId": "P4N88dyinx4O",
          "checksum": "2f54d31bb49d48474591793ea17d21d9"
        },
        {
          "type": "image",
          "assetId": "pzzt-DC-5VAM",
          "checksum": "3d46b7879c35ed6bd03e0df77dc2ca45"
        },
        {
          "type": "image",
          "assetId": "o1zq-SxIzcTS",
          "checksum": "cb100d0631c630b23ac80d047433e182"
        },
        {
          "type": "image",
          "assetId": "Jk_72B1WVpKZ",
          "checksum": "3a6cf57d4e8c7749337b291a35da5533"
        },
        {
          "type": "image",
          "assetId": "0VwI4m8btT1k",
          "checksum": "bc969a5f2e695bd3abba505ef4fd95a5"
        },
        {
          "type": "image",
          "assetId": "Q9BoRyBvT2QN",
          "checksum": "543e6318c1f636b6358628000e40c746"
        },
        {
          "type": "image",
          "assetId": "VF-HL-UihfIw",
          "checksum": "0e63203f56a10429e89038033b13efa3"
        }
      ],
      "codegenVersion": "0.0.1"
    }
  ],
  "cliVersion": "0.1.335"
}
